
Microsoft Visual Studio Solution File, Format Version 12.00
# Visual Studio Version 17
VisualStudioVersion = 17.7.34024.191
MinimumVisualStudioVersion = 10.0.40219.1
Project("{8BC9CEB8-8B4A-11D0-8D11-00A0C91BC942}") = "Project06", "Project06\Project06.vcxproj", "{7048C504-8EEE-4776-BEE1-CB0C071C5D86}"
EndProject
Global
	GlobalSection(SolutionConfigurationPlatforms) = preSolution
		Debug|x64 = Debug|x64
		Debug|x86 = Debug|x86
		Release|x64 = Release|x64
		Release|x86 = Release|x86
	EndGlobalSection
	GlobalSection(ProjectConfigurationPlatforms) = postSolution
		{7048C504-8EEE-4776-BEE1-CB0C071C5D86}.Debug|x64.ActiveCfg = Debug|x64
		{7048C504-8EEE-4776-BEE1-CB0C071C5D86}.Debug|x64.Build.0 = Debug|x64
		{7048C504-8EEE-4776-BEE1-CB0C071C5D86}.Debug|x86.ActiveCfg = Debug|Win32
		{7048C504-8EEE-4776-BEE1-CB0C071C5D86}.Debug|x86.Build.0 = Debug|Win32
		{7048C504-8EEE-4776-BEE1-CB0C071C5D86}.Release|x64.ActiveCfg = Release|x64
		{7048C504-8EEE-4776-BEE1-CB0C071C5D86}.Release|x64.Build.0 = Release|x64
		{7048C504-8EEE-4776-BEE1-CB0C071C5D86}.Release|x86.ActiveCfg = Release|Win32
		{7048C504-8EEE-4776-BEE1-CB0C071C5D86}.Release|x86.Build.0 = Release|Win32
	EndGlobalSection
	GlobalSection(SolutionProperties) = preSolution
		HideSolutionNode = FALSE
	EndGlobalSection
	GlobalSection(ExtensibilityGlobals) = postSolution
		SolutionGuid = {D232E93B-4096-425D-830B-8B4CB023C393}
	EndGlobalSection
EndGlobal
