
Microsoft Visual Studio Solution File, Format Version 12.00
# Visual Studio Version 17
VisualStudioVersion = 17.7.34031.279
MinimumVisualStudioVersion = 10.0.40219.1
Project("{8BC9CEB8-8B4A-11D0-8D11-00A0C91BC942}") = "Project01", "Project01\Project01.vcxproj", "{4DFE12F8-DE8E-4FC5-B68B-17DEBAADE5FF}"
EndProject
Project("{8BC9CEB8-8B4A-11D0-8D11-00A0C91BC942}") = "Project02", "Project02\Project02.vcxproj", "{EB7374FE-AB52-4376-9D2E-548182FE9D2F}"
EndProject
Project("{8BC9CEB8-8B4A-11D0-8D11-00A0C91BC942}") = "Project03", "Project03\Project03.vcxproj", "{A09C1AB0-0892-4E74-A3A5-5BC838FB76E1}"
EndProject
Project("{8BC9CEB8-8B4A-11D0-8D11-00A0C91BC942}") = "Project04", "Project04\Project04.vcxproj", "{7EF0A44E-FE6C-4967-A461-394127BBA64D}"
EndProject
Project("{8BC9CEB8-8B4A-11D0-8D11-00A0C91BC942}") = "Project05", "Project05\Project05.vcxproj", "{94A8DBEF-E4D5-40B2-91C4-592589170E48}"
EndProject
Project("{8BC9CEB8-8B4A-11D0-8D11-00A0C91BC942}") = "Project06", "Project06\Project06.vcxproj", "{A705A615-2407-4F56-A80E-2362CACB5E01}"
EndProject
Project("{8BC9CEB8-8B4A-11D0-8D11-00A0C91BC942}") = "Project07", "Project07\Project07.vcxproj", "{7325C5D6-F9BE-4EA7-994B-B631E12162B8}"
EndProject
Project("{8BC9CEB8-8B4A-11D0-8D11-00A0C91BC942}") = "Project08", "Project08\Project08.vcxproj", "{AED28911-A7CC-47FE-B3CE-37120803400E}"
EndProject
Project("{8BC9CEB8-8B4A-11D0-8D11-00A0C91BC942}") = "Project09", "Project09\Project09.vcxproj", "{D377EECB-2EB9-471F-B953-BD6BE736ED37}"
EndProject
Project("{8BC9CEB8-8B4A-11D0-8D11-00A0C91BC942}") = "Project10", "Project10\Project10.vcxproj", "{BA32D922-EFA3-4563-A649-524BE460DC16}"
EndProject
Project("{8BC9CEB8-8B4A-11D0-8D11-00A0C91BC942}") = "Project11", "Project11\Project11.vcxproj", "{A0F21C58-0842-4008-B29E-7ABBE9CFF95B}"
EndProject
Project("{8BC9CEB8-8B4A-11D0-8D11-00A0C91BC942}") = "Project12", "Project12\Project12.vcxproj", "{715A1A46-922D-4CB0-9B4D-5A0717A7FA58}"
EndProject
Project("{8BC9CEB8-8B4A-11D0-8D11-00A0C91BC942}") = "Project13", "Project13\Project13.vcxproj", "{562684EF-CDFE-476C-A20D-197DF7FEFB96}"
EndProject
Project("{8BC9CEB8-8B4A-11D0-8D11-00A0C91BC942}") = "Project14", "Project14\Project14.vcxproj", "{FEF88D1A-5EC7-4777-85DA-4CF645C116AC}"
EndProject
Project("{8BC9CEB8-8B4A-11D0-8D11-00A0C91BC942}") = "Project15", "Project15\Project15.vcxproj", "{9D34433F-75E4-4E13-AAE6-C79801282B83}"
EndProject
Project("{8BC9CEB8-8B4A-11D0-8D11-00A0C91BC942}") = "Project16", "Project16\Project16.vcxproj", "{7DD111CF-C575-4127-B442-0ECB0BFCA9A1}"
EndProject
Global
	GlobalSection(SolutionConfigurationPlatforms) = preSolution
		Debug|x64 = Debug|x64
		Debug|x86 = Debug|x86
		Release|x64 = Release|x64
		Release|x86 = Release|x86
	EndGlobalSection
	GlobalSection(ProjectConfigurationPlatforms) = postSolution
		{4DFE12F8-DE8E-4FC5-B68B-17DEBAADE5FF}.Debug|x64.ActiveCfg = Debug|x64
		{4DFE12F8-DE8E-4FC5-B68B-17DEBAADE5FF}.Debug|x64.Build.0 = Debug|x64
		{4DFE12F8-DE8E-4FC5-B68B-17DEBAADE5FF}.Debug|x86.ActiveCfg = Debug|Win32
		{4DFE12F8-DE8E-4FC5-B68B-17DEBAADE5FF}.Debug|x86.Build.0 = Debug|Win32
		{4DFE12F8-DE8E-4FC5-B68B-17DEBAADE5FF}.Release|x64.ActiveCfg = Release|x64
		{4DFE12F8-DE8E-4FC5-B68B-17DEBAADE5FF}.Release|x64.Build.0 = Release|x64
		{4DFE12F8-DE8E-4FC5-B68B-17DEBAADE5FF}.Release|x86.ActiveCfg = Release|Win32
		{4DFE12F8-DE8E-4FC5-B68B-17DEBAADE5FF}.Release|x86.Build.0 = Release|Win32
		{EB7374FE-AB52-4376-9D2E-548182FE9D2F}.Debug|x64.ActiveCfg = Debug|x64
		{EB7374FE-AB52-4376-9D2E-548182FE9D2F}.Debug|x64.Build.0 = Debug|x64
		{EB7374FE-AB52-4376-9D2E-548182FE9D2F}.Debug|x86.ActiveCfg = Debug|Win32
		{EB7374FE-AB52-4376-9D2E-548182FE9D2F}.Debug|x86.Build.0 = Debug|Win32
		{EB7374FE-AB52-4376-9D2E-548182FE9D2F}.Release|x64.ActiveCfg = Release|x64
		{EB7374FE-AB52-4376-9D2E-548182FE9D2F}.Release|x64.Build.0 = Release|x64
		{EB7374FE-AB52-4376-9D2E-548182FE9D2F}.Release|x86.ActiveCfg = Release|Win32
		{EB7374FE-AB52-4376-9D2E-548182FE9D2F}.Release|x86.Build.0 = Release|Win32
		{A09C1AB0-0892-4E74-A3A5-5BC838FB76E1}.Debug|x64.ActiveCfg = Debug|x64
		{A09C1AB0-0892-4E74-A3A5-5BC838FB76E1}.Debug|x64.Build.0 = Debug|x64
		{A09C1AB0-0892-4E74-A3A5-5BC838FB76E1}.Debug|x86.ActiveCfg = Debug|Win32
		{A09C1AB0-0892-4E74-A3A5-5BC838FB76E1}.Debug|x86.Build.0 = Debug|Win32
		{A09C1AB0-0892-4E74-A3A5-5BC838FB76E1}.Release|x64.ActiveCfg = Release|x64
		{A09C1AB0-0892-4E74-A3A5-5BC838FB76E1}.Release|x64.Build.0 = Release|x64
		{A09C1AB0-0892-4E74-A3A5-5BC838FB76E1}.Release|x86.ActiveCfg = Release|Win32
		{A09C1AB0-0892-4E74-A3A5-5BC838FB76E1}.Release|x86.Build.0 = Release|Win32
		{7EF0A44E-FE6C-4967-A461-394127BBA64D}.Debug|x64.ActiveCfg = Debug|x64
		{7EF0A44E-FE6C-4967-A461-394127BBA64D}.Debug|x64.Build.0 = Debug|x64
		{7EF0A44E-FE6C-4967-A461-394127BBA64D}.Debug|x86.ActiveCfg = Debug|Win32
		{7EF0A44E-FE6C-4967-A461-394127BBA64D}.Debug|x86.Build.0 = Debug|Win32
		{7EF0A44E-FE6C-4967-A461-394127BBA64D}.Release|x64.ActiveCfg = Release|x64
		{7EF0A44E-FE6C-4967-A461-394127BBA64D}.Release|x64.Build.0 = Release|x64
		{7EF0A44E-FE6C-4967-A461-394127BBA64D}.Release|x86.ActiveCfg = Release|Win32
		{7EF0A44E-FE6C-4967-A461-394127BBA64D}.Release|x86.Build.0 = Release|Win32
		{94A8DBEF-E4D5-40B2-91C4-592589170E48}.Debug|x64.ActiveCfg = Debug|x64
		{94A8DBEF-E4D5-40B2-91C4-592589170E48}.Debug|x64.Build.0 = Debug|x64
		{94A8DBEF-E4D5-40B2-91C4-592589170E48}.Debug|x86.ActiveCfg = Debug|Win32
		{94A8DBEF-E4D5-40B2-91C4-592589170E48}.Debug|x86.Build.0 = Debug|Win32
		{94A8DBEF-E4D5-40B2-91C4-592589170E48}.Release|x64.ActiveCfg = Release|x64
		{94A8DBEF-E4D5-40B2-91C4-592589170E48}.Release|x64.Build.0 = Release|x64
		{94A8DBEF-E4D5-40B2-91C4-592589170E48}.Release|x86.ActiveCfg = Release|Win32
		{94A8DBEF-E4D5-40B2-91C4-592589170E48}.Release|x86.Build.0 = Release|Win32
		{A705A615-2407-4F56-A80E-2362CACB5E01}.Debug|x64.ActiveCfg = Debug|x64
		{A705A615-2407-4F56-A80E-2362CACB5E01}.Debug|x64.Build.0 = Debug|x64
		{A705A615-2407-4F56-A80E-2362CACB5E01}.Debug|x86.ActiveCfg = Debug|Win32
		{A705A615-2407-4F56-A80E-2362CACB5E01}.Debug|x86.Build.0 = Debug|Win32
		{A705A615-2407-4F56-A80E-2362CACB5E01}.Release|x64.ActiveCfg = Release|x64
		{A705A615-2407-4F56-A80E-2362CACB5E01}.Release|x64.Build.0 = Release|x64
		{A705A615-2407-4F56-A80E-2362CACB5E01}.Release|x86.ActiveCfg = Release|Win32
		{A705A615-2407-4F56-A80E-2362CACB5E01}.Release|x86.Build.0 = Release|Win32
		{7325C5D6-F9BE-4EA7-994B-B631E12162B8}.Debug|x64.ActiveCfg = Debug|x64
		{7325C5D6-F9BE-4EA7-994B-B631E12162B8}.Debug|x64.Build.0 = Debug|x64
		{7325C5D6-F9BE-4EA7-994B-B631E12162B8}.Debug|x86.ActiveCfg = Debug|Win32
		{7325C5D6-F9BE-4EA7-994B-B631E12162B8}.Debug|x86.Build.0 = Debug|Win32
		{7325C5D6-F9BE-4EA7-994B-B631E12162B8}.Release|x64.ActiveCfg = Release|x64
		{7325C5D6-F9BE-4EA7-994B-B631E12162B8}.Release|x64.Build.0 = Release|x64
		{7325C5D6-F9BE-4EA7-994B-B631E12162B8}.Release|x86.ActiveCfg = Release|Win32
		{7325C5D6-F9BE-4EA7-994B-B631E12162B8}.Release|x86.Build.0 = Release|Win32
		{AED28911-A7CC-47FE-B3CE-37120803400E}.Debug|x64.ActiveCfg = Debug|x64
		{AED28911-A7CC-47FE-B3CE-37120803400E}.Debug|x64.Build.0 = Debug|x64
		{AED28911-A7CC-47FE-B3CE-37120803400E}.Debug|x86.ActiveCfg = Debug|Win32
		{AED28911-A7CC-47FE-B3CE-37120803400E}.Debug|x86.Build.0 = Debug|Win32
		{AED28911-A7CC-47FE-B3CE-37120803400E}.Release|x64.ActiveCfg = Release|x64
		{AED28911-A7CC-47FE-B3CE-37120803400E}.Release|x64.Build.0 = Release|x64
		{AED28911-A7CC-47FE-B3CE-37120803400E}.Release|x86.ActiveCfg = Release|Win32
		{AED28911-A7CC-47FE-B3CE-37120803400E}.Release|x86.Build.0 = Release|Win32
		{D377EECB-2EB9-471F-B953-BD6BE736ED37}.Debug|x64.ActiveCfg = Debug|x64
		{D377EECB-2EB9-471F-B953-BD6BE736ED37}.Debug|x64.Build.0 = Debug|x64
		{D377EECB-2EB9-471F-B953-BD6BE736ED37}.Debug|x86.ActiveCfg = Debug|Win32
		{D377EECB-2EB9-471F-B953-BD6BE736ED37}.Debug|x86.Build.0 = Debug|Win32
		{D377EECB-2EB9-471F-B953-BD6BE736ED37}.Release|x64.ActiveCfg = Release|x64
		{D377EECB-2EB9-471F-B953-BD6BE736ED37}.Release|x64.Build.0 = Release|x64
		{D377EECB-2EB9-471F-B953-BD6BE736ED37}.Release|x86.ActiveCfg = Release|Win32
		{D377EECB-2EB9-471F-B953-BD6BE736ED37}.Release|x86.Build.0 = Release|Win32
		{BA32D922-EFA3-4563-A649-524BE460DC16}.Debug|x64.ActiveCfg = Debug|x64
		{BA32D922-EFA3-4563-A649-524BE460DC16}.Debug|x64.Build.0 = Debug|x64
		{BA32D922-EFA3-4563-A649-524BE460DC16}.Debug|x86.ActiveCfg = Debug|Win32
		{BA32D922-EFA3-4563-A649-524BE460DC16}.Debug|x86.Build.0 = Debug|Win32
		{BA32D922-EFA3-4563-A649-524BE460DC16}.Release|x64.ActiveCfg = Release|x64
		{BA32D922-EFA3-4563-A649-524BE460DC16}.Release|x64.Build.0 = Release|x64
		{BA32D922-EFA3-4563-A649-524BE460DC16}.Release|x86.ActiveCfg = Release|Win32
		{BA32D922-EFA3-4563-A649-524BE460DC16}.Release|x86.Build.0 = Release|Win32
		{A0F21C58-0842-4008-B29E-7ABBE9CFF95B}.Debug|x64.ActiveCfg = Debug|x64
		{A0F21C58-0842-4008-B29E-7ABBE9CFF95B}.Debug|x64.Build.0 = Debug|x64
		{A0F21C58-0842-4008-B29E-7ABBE9CFF95B}.Debug|x86.ActiveCfg = Debug|Win32
		{A0F21C58-0842-4008-B29E-7ABBE9CFF95B}.Debug|x86.Build.0 = Debug|Win32
		{A0F21C58-0842-4008-B29E-7ABBE9CFF95B}.Release|x64.ActiveCfg = Release|x64
		{A0F21C58-0842-4008-B29E-7ABBE9CFF95B}.Release|x64.Build.0 = Release|x64
		{A0F21C58-0842-4008-B29E-7ABBE9CFF95B}.Release|x86.ActiveCfg = Release|Win32
		{A0F21C58-0842-4008-B29E-7ABBE9CFF95B}.Release|x86.Build.0 = Release|Win32
		{715A1A46-922D-4CB0-9B4D-5A0717A7FA58}.Debug|x64.ActiveCfg = Debug|x64
		{715A1A46-922D-4CB0-9B4D-5A0717A7FA58}.Debug|x64.Build.0 = Debug|x64
		{715A1A46-922D-4CB0-9B4D-5A0717A7FA58}.Debug|x86.ActiveCfg = Debug|Win32
		{715A1A46-922D-4CB0-9B4D-5A0717A7FA58}.Debug|x86.Build.0 = Debug|Win32
		{715A1A46-922D-4CB0-9B4D-5A0717A7FA58}.Release|x64.ActiveCfg = Release|x64
		{715A1A46-922D-4CB0-9B4D-5A0717A7FA58}.Release|x64.Build.0 = Release|x64
		{715A1A46-922D-4CB0-9B4D-5A0717A7FA58}.Release|x86.ActiveCfg = Release|Win32
		{715A1A46-922D-4CB0-9B4D-5A0717A7FA58}.Release|x86.Build.0 = Release|Win32
		{562684EF-CDFE-476C-A20D-197DF7FEFB96}.Debug|x64.ActiveCfg = Debug|x64
		{562684EF-CDFE-476C-A20D-197DF7FEFB96}.Debug|x64.Build.0 = Debug|x64
		{562684EF-CDFE-476C-A20D-197DF7FEFB96}.Debug|x86.ActiveCfg = Debug|Win32
		{562684EF-CDFE-476C-A20D-197DF7FEFB96}.Debug|x86.Build.0 = Debug|Win32
		{562684EF-CDFE-476C-A20D-197DF7FEFB96}.Release|x64.ActiveCfg = Release|x64
		{562684EF-CDFE-476C-A20D-197DF7FEFB96}.Release|x64.Build.0 = Release|x64
		{562684EF-CDFE-476C-A20D-197DF7FEFB96}.Release|x86.ActiveCfg = Release|Win32
		{562684EF-CDFE-476C-A20D-197DF7FEFB96}.Release|x86.Build.0 = Release|Win32
		{FEF88D1A-5EC7-4777-85DA-4CF645C116AC}.Debug|x64.ActiveCfg = Debug|x64
		{FEF88D1A-5EC7-4777-85DA-4CF645C116AC}.Debug|x64.Build.0 = Debug|x64
		{FEF88D1A-5EC7-4777-85DA-4CF645C116AC}.Debug|x86.ActiveCfg = Debug|Win32
		{FEF88D1A-5EC7-4777-85DA-4CF645C116AC}.Debug|x86.Build.0 = Debug|Win32
		{FEF88D1A-5EC7-4777-85DA-4CF645C116AC}.Release|x64.ActiveCfg = Release|x64
		{FEF88D1A-5EC7-4777-85DA-4CF645C116AC}.Release|x64.Build.0 = Release|x64
		{FEF88D1A-5EC7-4777-85DA-4CF645C116AC}.Release|x86.ActiveCfg = Release|Win32
		{FEF88D1A-5EC7-4777-85DA-4CF645C116AC}.Release|x86.Build.0 = Release|Win32
		{9D34433F-75E4-4E13-AAE6-C79801282B83}.Debug|x64.ActiveCfg = Debug|x64
		{9D34433F-75E4-4E13-AAE6-C79801282B83}.Debug|x64.Build.0 = Debug|x64
		{9D34433F-75E4-4E13-AAE6-C79801282B83}.Debug|x86.ActiveCfg = Debug|Win32
		{9D34433F-75E4-4E13-AAE6-C79801282B83}.Debug|x86.Build.0 = Debug|Win32
		{9D34433F-75E4-4E13-AAE6-C79801282B83}.Release|x64.ActiveCfg = Release|x64
		{9D34433F-75E4-4E13-AAE6-C79801282B83}.Release|x64.Build.0 = Release|x64
		{9D34433F-75E4-4E13-AAE6-C79801282B83}.Release|x86.ActiveCfg = Release|Win32
		{9D34433F-75E4-4E13-AAE6-C79801282B83}.Release|x86.Build.0 = Release|Win32
		{7DD111CF-C575-4127-B442-0ECB0BFCA9A1}.Debug|x64.ActiveCfg = Debug|x64
		{7DD111CF-C575-4127-B442-0ECB0BFCA9A1}.Debug|x64.Build.0 = Debug|x64
		{7DD111CF-C575-4127-B442-0ECB0BFCA9A1}.Debug|x86.ActiveCfg = Debug|Win32
		{7DD111CF-C575-4127-B442-0ECB0BFCA9A1}.Debug|x86.Build.0 = Debug|Win32
		{7DD111CF-C575-4127-B442-0ECB0BFCA9A1}.Release|x64.ActiveCfg = Release|x64
		{7DD111CF-C575-4127-B442-0ECB0BFCA9A1}.Release|x64.Build.0 = Release|x64
		{7DD111CF-C575-4127-B442-0ECB0BFCA9A1}.Release|x86.ActiveCfg = Release|Win32
		{7DD111CF-C575-4127-B442-0ECB0BFCA9A1}.Release|x86.Build.0 = Release|Win32
	EndGlobalSection
	GlobalSection(SolutionProperties) = preSolution
		HideSolutionNode = FALSE
	EndGlobalSection
	GlobalSection(ExtensibilityGlobals) = postSolution
		SolutionGuid = {2A139AF5-BA32-45B4-8AF9-145D94F31C3B}
	EndGlobalSection
EndGlobal
