
Microsoft Visual Studio Solution File, Format Version 12.00
# Visual Studio Version 17
VisualStudioVersion = 17.7.34024.191
MinimumVisualStudioVersion = 10.0.40219.1
Project("{8BC9CEB8-8B4A-11D0-8D11-00A0C91BC942}") = "project01", "project1\project1.vcxproj", "{36C2B886-9D17-4D9A-BBD7-AE053BF6AC0A}"
EndProject
Project("{8BC9CEB8-8B4A-11D0-8D11-00A0C91BC942}") = "project02", "project02\project02.vcxproj", "{F0701AC7-26E0-471D-BFA7-1638C2C265E8}"
EndProject
Project("{8BC9CEB8-8B4A-11D0-8D11-00A0C91BC942}") = "project03", "project03\project03.vcxproj", "{DD83AA8C-AEBA-4521-9B8B-0F2504DCAEED}"
EndProject
Project("{8BC9CEB8-8B4A-11D0-8D11-00A0C91BC942}") = "project04", "project04\project04.vcxproj", "{C1BFE9F2-0D0D-4991-99B2-C8B48A60A992}"
EndProject
Project("{8BC9CEB8-8B4A-11D0-8D11-00A0C91BC942}") = "project05", "project05\project05.vcxproj", "{E0BBC304-4621-4284-ADA7-0B2E4AC9DAD5}"
EndProject
Project("{8BC9CEB8-8B4A-11D0-8D11-00A0C91BC942}") = "project07", "project06\project06.vcxproj", "{26794005-651B-4BD4-AACC-E59F8FDA6716}"
EndProject
Project("{8BC9CEB8-8B4A-11D0-8D11-00A0C91BC942}") = "project07", "project07\project07.vcxproj", "{4686EB0B-BE34-442E-9E45-AE3CECE504F1}"
EndProject
Global
	GlobalSection(SolutionConfigurationPlatforms) = preSolution
		Debug|x64 = Debug|x64
		Debug|x86 = Debug|x86
		Release|x64 = Release|x64
		Release|x86 = Release|x86
	EndGlobalSection
	GlobalSection(ProjectConfigurationPlatforms) = postSolution
		{36C2B886-9D17-4D9A-BBD7-AE053BF6AC0A}.Debug|x64.ActiveCfg = Debug|x64
		{36C2B886-9D17-4D9A-BBD7-AE053BF6AC0A}.Debug|x64.Build.0 = Debug|x64
		{36C2B886-9D17-4D9A-BBD7-AE053BF6AC0A}.Debug|x86.ActiveCfg = Debug|Win32
		{36C2B886-9D17-4D9A-BBD7-AE053BF6AC0A}.Debug|x86.Build.0 = Debug|Win32
		{36C2B886-9D17-4D9A-BBD7-AE053BF6AC0A}.Release|x64.ActiveCfg = Release|x64
		{36C2B886-9D17-4D9A-BBD7-AE053BF6AC0A}.Release|x64.Build.0 = Release|x64
		{36C2B886-9D17-4D9A-BBD7-AE053BF6AC0A}.Release|x86.ActiveCfg = Release|Win32
		{36C2B886-9D17-4D9A-BBD7-AE053BF6AC0A}.Release|x86.Build.0 = Release|Win32
		{F0701AC7-26E0-471D-BFA7-1638C2C265E8}.Debug|x64.ActiveCfg = Debug|x64
		{F0701AC7-26E0-471D-BFA7-1638C2C265E8}.Debug|x64.Build.0 = Debug|x64
		{F0701AC7-26E0-471D-BFA7-1638C2C265E8}.Debug|x86.ActiveCfg = Debug|Win32
		{F0701AC7-26E0-471D-BFA7-1638C2C265E8}.Debug|x86.Build.0 = Debug|Win32
		{F0701AC7-26E0-471D-BFA7-1638C2C265E8}.Release|x64.ActiveCfg = Release|x64
		{F0701AC7-26E0-471D-BFA7-1638C2C265E8}.Release|x64.Build.0 = Release|x64
		{F0701AC7-26E0-471D-BFA7-1638C2C265E8}.Release|x86.ActiveCfg = Release|Win32
		{F0701AC7-26E0-471D-BFA7-1638C2C265E8}.Release|x86.Build.0 = Release|Win32
		{DD83AA8C-AEBA-4521-9B8B-0F2504DCAEED}.Debug|x64.ActiveCfg = Debug|x64
		{DD83AA8C-AEBA-4521-9B8B-0F2504DCAEED}.Debug|x64.Build.0 = Debug|x64
		{DD83AA8C-AEBA-4521-9B8B-0F2504DCAEED}.Debug|x86.ActiveCfg = Debug|Win32
		{DD83AA8C-AEBA-4521-9B8B-0F2504DCAEED}.Debug|x86.Build.0 = Debug|Win32
		{DD83AA8C-AEBA-4521-9B8B-0F2504DCAEED}.Release|x64.ActiveCfg = Release|x64
		{DD83AA8C-AEBA-4521-9B8B-0F2504DCAEED}.Release|x64.Build.0 = Release|x64
		{DD83AA8C-AEBA-4521-9B8B-0F2504DCAEED}.Release|x86.ActiveCfg = Release|Win32
		{DD83AA8C-AEBA-4521-9B8B-0F2504DCAEED}.Release|x86.Build.0 = Release|Win32
		{C1BFE9F2-0D0D-4991-99B2-C8B48A60A992}.Debug|x64.ActiveCfg = Debug|x64
		{C1BFE9F2-0D0D-4991-99B2-C8B48A60A992}.Debug|x64.Build.0 = Debug|x64
		{C1BFE9F2-0D0D-4991-99B2-C8B48A60A992}.Debug|x86.ActiveCfg = Debug|Win32
		{C1BFE9F2-0D0D-4991-99B2-C8B48A60A992}.Debug|x86.Build.0 = Debug|Win32
		{C1BFE9F2-0D0D-4991-99B2-C8B48A60A992}.Release|x64.ActiveCfg = Release|x64
		{C1BFE9F2-0D0D-4991-99B2-C8B48A60A992}.Release|x64.Build.0 = Release|x64
		{C1BFE9F2-0D0D-4991-99B2-C8B48A60A992}.Release|x86.ActiveCfg = Release|Win32
		{C1BFE9F2-0D0D-4991-99B2-C8B48A60A992}.Release|x86.Build.0 = Release|Win32
		{E0BBC304-4621-4284-ADA7-0B2E4AC9DAD5}.Debug|x64.ActiveCfg = Debug|x64
		{E0BBC304-4621-4284-ADA7-0B2E4AC9DAD5}.Debug|x64.Build.0 = Debug|x64
		{E0BBC304-4621-4284-ADA7-0B2E4AC9DAD5}.Debug|x86.ActiveCfg = Debug|Win32
		{E0BBC304-4621-4284-ADA7-0B2E4AC9DAD5}.Debug|x86.Build.0 = Debug|Win32
		{E0BBC304-4621-4284-ADA7-0B2E4AC9DAD5}.Release|x64.ActiveCfg = Release|x64
		{E0BBC304-4621-4284-ADA7-0B2E4AC9DAD5}.Release|x64.Build.0 = Release|x64
		{E0BBC304-4621-4284-ADA7-0B2E4AC9DAD5}.Release|x86.ActiveCfg = Release|Win32
		{E0BBC304-4621-4284-ADA7-0B2E4AC9DAD5}.Release|x86.Build.0 = Release|Win32
		{26794005-651B-4BD4-AACC-E59F8FDA6716}.Debug|x64.ActiveCfg = Debug|x64
		{26794005-651B-4BD4-AACC-E59F8FDA6716}.Debug|x64.Build.0 = Debug|x64
		{26794005-651B-4BD4-AACC-E59F8FDA6716}.Debug|x86.ActiveCfg = Debug|Win32
		{26794005-651B-4BD4-AACC-E59F8FDA6716}.Debug|x86.Build.0 = Debug|Win32
		{26794005-651B-4BD4-AACC-E59F8FDA6716}.Release|x64.ActiveCfg = Release|x64
		{26794005-651B-4BD4-AACC-E59F8FDA6716}.Release|x64.Build.0 = Release|x64
		{26794005-651B-4BD4-AACC-E59F8FDA6716}.Release|x86.ActiveCfg = Release|Win32
		{26794005-651B-4BD4-AACC-E59F8FDA6716}.Release|x86.Build.0 = Release|Win32
		{4686EB0B-BE34-442E-9E45-AE3CECE504F1}.Debug|x64.ActiveCfg = Debug|x64
		{4686EB0B-BE34-442E-9E45-AE3CECE504F1}.Debug|x64.Build.0 = Debug|x64
		{4686EB0B-BE34-442E-9E45-AE3CECE504F1}.Debug|x86.ActiveCfg = Debug|Win32
		{4686EB0B-BE34-442E-9E45-AE3CECE504F1}.Debug|x86.Build.0 = Debug|Win32
		{4686EB0B-BE34-442E-9E45-AE3CECE504F1}.Release|x64.ActiveCfg = Release|x64
		{4686EB0B-BE34-442E-9E45-AE3CECE504F1}.Release|x64.Build.0 = Release|x64
		{4686EB0B-BE34-442E-9E45-AE3CECE504F1}.Release|x86.ActiveCfg = Release|Win32
		{4686EB0B-BE34-442E-9E45-AE3CECE504F1}.Release|x86.Build.0 = Release|Win32
	EndGlobalSection
	GlobalSection(SolutionProperties) = preSolution
		HideSolutionNode = FALSE
	EndGlobalSection
	GlobalSection(ExtensibilityGlobals) = postSolution
		SolutionGuid = {EDC9B39B-E1C7-410B-A6E8-E87FB702CB08}
	EndGlobalSection
EndGlobal
