
Microsoft Visual Studio Solution File, Format Version 12.00
# Visual Studio Version 17
VisualStudioVersion = 17.7.34024.191
MinimumVisualStudioVersion = 10.0.40219.1
Project("{8BC9CEB8-8B4A-11D0-8D11-00A0C91BC942}") = "Project01", "Project01\Project01.vcxproj", "{095D9DDD-DF84-4C9F-A97E-8450285AF144}"
EndProject
Project("{8BC9CEB8-8B4A-11D0-8D11-00A0C91BC942}") = "Project02", "Project02\Project02.vcxproj", "{8571E7EA-BB9C-4634-BCAD-815D8F187480}"
EndProject
Project("{8BC9CEB8-8B4A-11D0-8D11-00A0C91BC942}") = "Project03", "Project03\Project03.vcxproj", "{9C62DD90-FE5D-4B26-BE59-F034AE4B396A}"
EndProject
Project("{8BC9CEB8-8B4A-11D0-8D11-00A0C91BC942}") = "Project04", "Project04\Project04.vcxproj", "{E833D2AB-1516-4286-BF47-39016264B400}"
EndProject
Project("{8BC9CEB8-8B4A-11D0-8D11-00A0C91BC942}") = "Project05", "Project05\Project05.vcxproj", "{C5255EC9-9DE2-4D9E-99C8-1906DEB55B74}"
EndProject
Project("{8BC9CEB8-8B4A-11D0-8D11-00A0C91BC942}") = "Project06", "Project06\Project06.vcxproj", "{BE801F80-4D74-4E8A-A63D-D4E7841EC7A3}"
EndProject
Project("{8BC9CEB8-8B4A-11D0-8D11-00A0C91BC942}") = "Project07", "Project07\Project07.vcxproj", "{D281B655-45A8-4BAC-8FBC-E79A7A600211}"
EndProject
Project("{8BC9CEB8-8B4A-11D0-8D11-00A0C91BC942}") = "Project08", "Project08\Project08.vcxproj", "{B895B75D-E77B-498F-AC2F-118A3F51D4B1}"
EndProject
Global
	GlobalSection(SolutionConfigurationPlatforms) = preSolution
		Debug|x64 = Debug|x64
		Debug|x86 = Debug|x86
		Release|x64 = Release|x64
		Release|x86 = Release|x86
	EndGlobalSection
	GlobalSection(ProjectConfigurationPlatforms) = postSolution
		{095D9DDD-DF84-4C9F-A97E-8450285AF144}.Debug|x64.ActiveCfg = Debug|x64
		{095D9DDD-DF84-4C9F-A97E-8450285AF144}.Debug|x64.Build.0 = Debug|x64
		{095D9DDD-DF84-4C9F-A97E-8450285AF144}.Debug|x86.ActiveCfg = Debug|Win32
		{095D9DDD-DF84-4C9F-A97E-8450285AF144}.Debug|x86.Build.0 = Debug|Win32
		{095D9DDD-DF84-4C9F-A97E-8450285AF144}.Release|x64.ActiveCfg = Release|x64
		{095D9DDD-DF84-4C9F-A97E-8450285AF144}.Release|x64.Build.0 = Release|x64
		{095D9DDD-DF84-4C9F-A97E-8450285AF144}.Release|x86.ActiveCfg = Release|Win32
		{095D9DDD-DF84-4C9F-A97E-8450285AF144}.Release|x86.Build.0 = Release|Win32
		{8571E7EA-BB9C-4634-BCAD-815D8F187480}.Debug|x64.ActiveCfg = Debug|x64
		{8571E7EA-BB9C-4634-BCAD-815D8F187480}.Debug|x64.Build.0 = Debug|x64
		{8571E7EA-BB9C-4634-BCAD-815D8F187480}.Debug|x86.ActiveCfg = Debug|Win32
		{8571E7EA-BB9C-4634-BCAD-815D8F187480}.Debug|x86.Build.0 = Debug|Win32
		{8571E7EA-BB9C-4634-BCAD-815D8F187480}.Release|x64.ActiveCfg = Release|x64
		{8571E7EA-BB9C-4634-BCAD-815D8F187480}.Release|x64.Build.0 = Release|x64
		{8571E7EA-BB9C-4634-BCAD-815D8F187480}.Release|x86.ActiveCfg = Release|Win32
		{8571E7EA-BB9C-4634-BCAD-815D8F187480}.Release|x86.Build.0 = Release|Win32
		{9C62DD90-FE5D-4B26-BE59-F034AE4B396A}.Debug|x64.ActiveCfg = Debug|x64
		{9C62DD90-FE5D-4B26-BE59-F034AE4B396A}.Debug|x64.Build.0 = Debug|x64
		{9C62DD90-FE5D-4B26-BE59-F034AE4B396A}.Debug|x86.ActiveCfg = Debug|Win32
		{9C62DD90-FE5D-4B26-BE59-F034AE4B396A}.Debug|x86.Build.0 = Debug|Win32
		{9C62DD90-FE5D-4B26-BE59-F034AE4B396A}.Release|x64.ActiveCfg = Release|x64
		{9C62DD90-FE5D-4B26-BE59-F034AE4B396A}.Release|x64.Build.0 = Release|x64
		{9C62DD90-FE5D-4B26-BE59-F034AE4B396A}.Release|x86.ActiveCfg = Release|Win32
		{9C62DD90-FE5D-4B26-BE59-F034AE4B396A}.Release|x86.Build.0 = Release|Win32
		{E833D2AB-1516-4286-BF47-39016264B400}.Debug|x64.ActiveCfg = Debug|x64
		{E833D2AB-1516-4286-BF47-39016264B400}.Debug|x64.Build.0 = Debug|x64
		{E833D2AB-1516-4286-BF47-39016264B400}.Debug|x86.ActiveCfg = Debug|Win32
		{E833D2AB-1516-4286-BF47-39016264B400}.Debug|x86.Build.0 = Debug|Win32
		{E833D2AB-1516-4286-BF47-39016264B400}.Release|x64.ActiveCfg = Release|x64
		{E833D2AB-1516-4286-BF47-39016264B400}.Release|x64.Build.0 = Release|x64
		{E833D2AB-1516-4286-BF47-39016264B400}.Release|x86.ActiveCfg = Release|Win32
		{E833D2AB-1516-4286-BF47-39016264B400}.Release|x86.Build.0 = Release|Win32
		{C5255EC9-9DE2-4D9E-99C8-1906DEB55B74}.Debug|x64.ActiveCfg = Debug|x64
		{C5255EC9-9DE2-4D9E-99C8-1906DEB55B74}.Debug|x64.Build.0 = Debug|x64
		{C5255EC9-9DE2-4D9E-99C8-1906DEB55B74}.Debug|x86.ActiveCfg = Debug|Win32
		{C5255EC9-9DE2-4D9E-99C8-1906DEB55B74}.Debug|x86.Build.0 = Debug|Win32
		{C5255EC9-9DE2-4D9E-99C8-1906DEB55B74}.Release|x64.ActiveCfg = Release|x64
		{C5255EC9-9DE2-4D9E-99C8-1906DEB55B74}.Release|x64.Build.0 = Release|x64
		{C5255EC9-9DE2-4D9E-99C8-1906DEB55B74}.Release|x86.ActiveCfg = Release|Win32
		{C5255EC9-9DE2-4D9E-99C8-1906DEB55B74}.Release|x86.Build.0 = Release|Win32
		{BE801F80-4D74-4E8A-A63D-D4E7841EC7A3}.Debug|x64.ActiveCfg = Debug|x64
		{BE801F80-4D74-4E8A-A63D-D4E7841EC7A3}.Debug|x64.Build.0 = Debug|x64
		{BE801F80-4D74-4E8A-A63D-D4E7841EC7A3}.Debug|x86.ActiveCfg = Debug|Win32
		{BE801F80-4D74-4E8A-A63D-D4E7841EC7A3}.Debug|x86.Build.0 = Debug|Win32
		{BE801F80-4D74-4E8A-A63D-D4E7841EC7A3}.Release|x64.ActiveCfg = Release|x64
		{BE801F80-4D74-4E8A-A63D-D4E7841EC7A3}.Release|x64.Build.0 = Release|x64
		{BE801F80-4D74-4E8A-A63D-D4E7841EC7A3}.Release|x86.ActiveCfg = Release|Win32
		{BE801F80-4D74-4E8A-A63D-D4E7841EC7A3}.Release|x86.Build.0 = Release|Win32
		{D281B655-45A8-4BAC-8FBC-E79A7A600211}.Debug|x64.ActiveCfg = Debug|x64
		{D281B655-45A8-4BAC-8FBC-E79A7A600211}.Debug|x64.Build.0 = Debug|x64
		{D281B655-45A8-4BAC-8FBC-E79A7A600211}.Debug|x86.ActiveCfg = Debug|Win32
		{D281B655-45A8-4BAC-8FBC-E79A7A600211}.Debug|x86.Build.0 = Debug|Win32
		{D281B655-45A8-4BAC-8FBC-E79A7A600211}.Release|x64.ActiveCfg = Release|x64
		{D281B655-45A8-4BAC-8FBC-E79A7A600211}.Release|x64.Build.0 = Release|x64
		{D281B655-45A8-4BAC-8FBC-E79A7A600211}.Release|x86.ActiveCfg = Release|Win32
		{D281B655-45A8-4BAC-8FBC-E79A7A600211}.Release|x86.Build.0 = Release|Win32
		{B895B75D-E77B-498F-AC2F-118A3F51D4B1}.Debug|x64.ActiveCfg = Debug|x64
		{B895B75D-E77B-498F-AC2F-118A3F51D4B1}.Debug|x64.Build.0 = Debug|x64
		{B895B75D-E77B-498F-AC2F-118A3F51D4B1}.Debug|x86.ActiveCfg = Debug|Win32
		{B895B75D-E77B-498F-AC2F-118A3F51D4B1}.Debug|x86.Build.0 = Debug|Win32
		{B895B75D-E77B-498F-AC2F-118A3F51D4B1}.Release|x64.ActiveCfg = Release|x64
		{B895B75D-E77B-498F-AC2F-118A3F51D4B1}.Release|x64.Build.0 = Release|x64
		{B895B75D-E77B-498F-AC2F-118A3F51D4B1}.Release|x86.ActiveCfg = Release|Win32
		{B895B75D-E77B-498F-AC2F-118A3F51D4B1}.Release|x86.Build.0 = Release|Win32
	EndGlobalSection
	GlobalSection(SolutionProperties) = preSolution
		HideSolutionNode = FALSE
	EndGlobalSection
	GlobalSection(ExtensibilityGlobals) = postSolution
		SolutionGuid = {F0FE9A8D-2767-4C9C-852A-89C64B1466B9}
	EndGlobalSection
EndGlobal
